
Microsoft Visual Studio Solution File, Format Version 12.00
# Visual Studio Version 17
VisualStudioVersion = 17.9.34902.65
MinimumVisualStudioVersion = 10.0.40219.1
Project("{2150E333-8FDC-42A3-9474-1A3956D46DE8}") = "01", "01", "{1CC3E21E-23B6-4F6A-9115-093BC2E97B66}"
EndProject
Project("{9A19103F-16F7-4668-BE54-9A1E7A4F7556}") = "ConsoleApp01.Consola", "ConsoleApp01.Consola\ConsoleApp01.Consola.csproj", "{36089113-6E50-4CBA-85E5-05A8ABBBE866}"
EndProject
Project("{2150E333-8FDC-42A3-9474-1A3956D46DE8}") = "01A", "01A", "{99D71EEF-C03B-4730-AEE8-51659BE91411}"
EndProject
Project("{9A19103F-16F7-4668-BE54-9A1E7A4F7556}") = "ConsoleApp01A.Consola", "ConsoleApp01A.Consola\ConsoleApp01A.Consola.csproj", "{57CB934E-0B3A-416D-9E49-586EFC973FC5}"
EndProject
Project("{2150E333-8FDC-42A3-9474-1A3956D46DE8}") = "02A", "02A", "{D3BA8DF3-3F29-4E78-BAE5-A7A86E52BBE5}"
EndProject
Project("{9A19103F-16F7-4668-BE54-9A1E7A4F7556}") = "ConsoleApp02.Consola", "ConsoleApp02.Consola\ConsoleApp02.Consola.csproj", "{55C88181-B6D4-47C0-9763-135222DD25E9}"
EndProject
Project("{2150E333-8FDC-42A3-9474-1A3956D46DE8}") = "02B", "02B", "{6A8D7665-F075-4231-8E9B-6E5B7FE1EF2F}"
EndProject
Project("{9A19103F-16F7-4668-BE54-9A1E7A4F7556}") = "ConsoleApp02B.Consola", "ConsoleApp02B.Consola\ConsoleApp02B.Consola.csproj", "{673AECDE-6296-44F0-9BC1-96B6C8EDBD19}"
EndProject
Project("{2150E333-8FDC-42A3-9474-1A3956D46DE8}") = "02C", "02C", "{3F840B6A-9215-4D61-A293-9275CEB76D9A}"
EndProject
Project("{9A19103F-16F7-4668-BE54-9A1E7A4F7556}") = "ConsoleApp02C.Consola", "ConsoleApp02C.Consola\ConsoleApp02C.Consola.csproj", "{5616F8E7-FAED-4C71-9FDA-2C22A094ABC5}"
EndProject
Project("{2150E333-8FDC-42A3-9474-1A3956D46DE8}") = "03", "03", "{EC049972-D736-4145-A4A3-A5792254A504}"
EndProject
Project("{9A19103F-16F7-4668-BE54-9A1E7A4F7556}") = "ConsoleApp03.Consola", "ConsoleApp03.Consola\ConsoleApp03.Consola.csproj", "{8E216B45-95A7-4716-9EA3-4DF962F05209}"
EndProject
Project("{2150E333-8FDC-42A3-9474-1A3956D46DE8}") = "03A", "03A", "{E9B2B1D0-0FC8-4101-A2C9-EF59D36743F9}"
EndProject
Project("{9A19103F-16F7-4668-BE54-9A1E7A4F7556}") = "ConsoleApp03A.Consola", "ConsoleApp03A.Consola\ConsoleApp03A.Consola.csproj", "{514B0238-B07F-4274-AE8E-F3CD83AA68E1}"
EndProject
Project("{2150E333-8FDC-42A3-9474-1A3956D46DE8}") = "04", "04", "{32C2F189-2B9A-4AA6-AD16-4E3F1FD3E911}"
EndProject
Project("{9A19103F-16F7-4668-BE54-9A1E7A4F7556}") = "ConsoleApp04.Consola", "ConsoleApp04.Consola\ConsoleApp04.Consola.csproj", "{2C6EAF48-4A98-42CD-A2AF-FFAAD4648992}"
EndProject
Project("{2150E333-8FDC-42A3-9474-1A3956D46DE8}") = "05", "05", "{F673E732-67A3-4173-9089-72BB15C7B9C2}"
EndProject
Project("{9A19103F-16F7-4668-BE54-9A1E7A4F7556}") = "ConsoleApp05.Consola", "ConsoleApp05.Consola\ConsoleApp05.Consola.csproj", "{4A210623-621B-49CE-8E34-1EC03A9EDDAB}"
EndProject
Project("{2150E333-8FDC-42A3-9474-1A3956D46DE8}") = "06", "06", "{60225120-62D1-45E6-AF58-E4E3ABEA4E2B}"
EndProject
Project("{9A19103F-16F7-4668-BE54-9A1E7A4F7556}") = "ConsoleApp06.Consola", "ConsoleApp06.Consola\ConsoleApp06.Consola.csproj", "{8A81A31D-AF2F-44A2-A8B6-1E952E77BA45}"
EndProject
Project("{2150E333-8FDC-42A3-9474-1A3956D46DE8}") = "07", "07", "{3C183F2E-3AA2-42BF-97BB-24A28339CE17}"
EndProject
Project("{9A19103F-16F7-4668-BE54-9A1E7A4F7556}") = "ConsoleApp07.Consola", "ConsoleApp07.Consola\ConsoleApp07.Consola.csproj", "{97FD4C2E-7B64-4555-9DDA-264F56B45737}"
EndProject
Project("{2150E333-8FDC-42A3-9474-1A3956D46DE8}") = "08", "08", "{30739F4F-BC6D-42FB-A137-158B1F791BB2}"
EndProject
Project("{FAE04EC0-301F-11D3-BF4B-00C04F79EFBC}") = "ConsoleApp08.Consola", "ConsoleApp08.Consola\ConsoleApp08.Consola.csproj", "{65EDA0B4-6BC1-4E6B-9233-B89EC3A295E0}"
EndProject
Project("{2150E333-8FDC-42A3-9474-1A3956D46DE8}") = "08BIS", "08BIS", "{AAEF4224-0C40-4BE6-BF5E-AF4BF8039BE3}"
EndProject
Project("{FAE04EC0-301F-11D3-BF4B-00C04F79EFBC}") = "ConsoleApp08BIS.Consola", "ConsoleApp08BIS.Consola\ConsoleApp08BIS.Consola.csproj", "{83946140-C132-412C-BA7D-2900874E513D}"
EndProject
Project("{2150E333-8FDC-42A3-9474-1A3956D46DE8}") = "09", "09", "{F9185BDD-F08F-428C-9C61-CF74CF3AA634}"
EndProject
Project("{FAE04EC0-301F-11D3-BF4B-00C04F79EFBC}") = "ConsoleApp09.Consola", "ConsoleApp09.Consola\ConsoleApp09.Consola.csproj", "{CB585446-4F3F-456B-A803-39428A51E13D}"
EndProject
Project("{2150E333-8FDC-42A3-9474-1A3956D46DE8}") = "10", "10", "{E83BDA34-AE23-4F18-9B74-C461D0B57DC3}"
EndProject
Project("{FAE04EC0-301F-11D3-BF4B-00C04F79EFBC}") = "ConsoleApp10.Consola", "ConsoleApp10.Consola\ConsoleApp10.Consola.csproj", "{450AB910-032E-44BB-A8F4-1B5314AEE99A}"
EndProject
Project("{2150E333-8FDC-42A3-9474-1A3956D46DE8}") = "13", "13", "{A46D67FF-EF63-40DB-9DE3-347A5FC3AD71}"
EndProject
Project("{FAE04EC0-301F-11D3-BF4B-00C04F79EFBC}") = "ConsoleApp13.Consola", "ConsoleApp13.Consola\ConsoleApp13.Consola.csproj", "{ACA32E29-9857-4215-B7F5-20A4BE03EA6F}"
EndProject
Global
	GlobalSection(SolutionConfigurationPlatforms) = preSolution
		Debug|Any CPU = Debug|Any CPU
		Release|Any CPU = Release|Any CPU
	EndGlobalSection
	GlobalSection(ProjectConfigurationPlatforms) = postSolution
		{36089113-6E50-4CBA-85E5-05A8ABBBE866}.Debug|Any CPU.ActiveCfg = Debug|Any CPU
		{36089113-6E50-4CBA-85E5-05A8ABBBE866}.Debug|Any CPU.Build.0 = Debug|Any CPU
		{36089113-6E50-4CBA-85E5-05A8ABBBE866}.Release|Any CPU.ActiveCfg = Release|Any CPU
		{36089113-6E50-4CBA-85E5-05A8ABBBE866}.Release|Any CPU.Build.0 = Release|Any CPU
		{57CB934E-0B3A-416D-9E49-586EFC973FC5}.Debug|Any CPU.ActiveCfg = Debug|Any CPU
		{57CB934E-0B3A-416D-9E49-586EFC973FC5}.Debug|Any CPU.Build.0 = Debug|Any CPU
		{57CB934E-0B3A-416D-9E49-586EFC973FC5}.Release|Any CPU.ActiveCfg = Release|Any CPU
		{57CB934E-0B3A-416D-9E49-586EFC973FC5}.Release|Any CPU.Build.0 = Release|Any CPU
		{55C88181-B6D4-47C0-9763-135222DD25E9}.Debug|Any CPU.ActiveCfg = Debug|Any CPU
		{55C88181-B6D4-47C0-9763-135222DD25E9}.Debug|Any CPU.Build.0 = Debug|Any CPU
		{55C88181-B6D4-47C0-9763-135222DD25E9}.Release|Any CPU.ActiveCfg = Release|Any CPU
		{55C88181-B6D4-47C0-9763-135222DD25E9}.Release|Any CPU.Build.0 = Release|Any CPU
		{673AECDE-6296-44F0-9BC1-96B6C8EDBD19}.Debug|Any CPU.ActiveCfg = Debug|Any CPU
		{673AECDE-6296-44F0-9BC1-96B6C8EDBD19}.Debug|Any CPU.Build.0 = Debug|Any CPU
		{673AECDE-6296-44F0-9BC1-96B6C8EDBD19}.Release|Any CPU.ActiveCfg = Release|Any CPU
		{673AECDE-6296-44F0-9BC1-96B6C8EDBD19}.Release|Any CPU.Build.0 = Release|Any CPU
		{5616F8E7-FAED-4C71-9FDA-2C22A094ABC5}.Debug|Any CPU.ActiveCfg = Debug|Any CPU
		{5616F8E7-FAED-4C71-9FDA-2C22A094ABC5}.Debug|Any CPU.Build.0 = Debug|Any CPU
		{5616F8E7-FAED-4C71-9FDA-2C22A094ABC5}.Release|Any CPU.ActiveCfg = Release|Any CPU
		{5616F8E7-FAED-4C71-9FDA-2C22A094ABC5}.Release|Any CPU.Build.0 = Release|Any CPU
		{8E216B45-95A7-4716-9EA3-4DF962F05209}.Debug|Any CPU.ActiveCfg = Debug|Any CPU
		{8E216B45-95A7-4716-9EA3-4DF962F05209}.Debug|Any CPU.Build.0 = Debug|Any CPU
		{8E216B45-95A7-4716-9EA3-4DF962F05209}.Release|Any CPU.ActiveCfg = Release|Any CPU
		{8E216B45-95A7-4716-9EA3-4DF962F05209}.Release|Any CPU.Build.0 = Release|Any CPU
		{514B0238-B07F-4274-AE8E-F3CD83AA68E1}.Debug|Any CPU.ActiveCfg = Debug|Any CPU
		{514B0238-B07F-4274-AE8E-F3CD83AA68E1}.Debug|Any CPU.Build.0 = Debug|Any CPU
		{514B0238-B07F-4274-AE8E-F3CD83AA68E1}.Release|Any CPU.ActiveCfg = Release|Any CPU
		{514B0238-B07F-4274-AE8E-F3CD83AA68E1}.Release|Any CPU.Build.0 = Release|Any CPU
		{2C6EAF48-4A98-42CD-A2AF-FFAAD4648992}.Debug|Any CPU.ActiveCfg = Debug|Any CPU
		{2C6EAF48-4A98-42CD-A2AF-FFAAD4648992}.Debug|Any CPU.Build.0 = Debug|Any CPU
		{2C6EAF48-4A98-42CD-A2AF-FFAAD4648992}.Release|Any CPU.ActiveCfg = Release|Any CPU
		{2C6EAF48-4A98-42CD-A2AF-FFAAD4648992}.Release|Any CPU.Build.0 = Release|Any CPU
		{4A210623-621B-49CE-8E34-1EC03A9EDDAB}.Debug|Any CPU.ActiveCfg = Debug|Any CPU
		{4A210623-621B-49CE-8E34-1EC03A9EDDAB}.Debug|Any CPU.Build.0 = Debug|Any CPU
		{4A210623-621B-49CE-8E34-1EC03A9EDDAB}.Release|Any CPU.ActiveCfg = Release|Any CPU
		{4A210623-621B-49CE-8E34-1EC03A9EDDAB}.Release|Any CPU.Build.0 = Release|Any CPU
		{8A81A31D-AF2F-44A2-A8B6-1E952E77BA45}.Debug|Any CPU.ActiveCfg = Debug|Any CPU
		{8A81A31D-AF2F-44A2-A8B6-1E952E77BA45}.Debug|Any CPU.Build.0 = Debug|Any CPU
		{8A81A31D-AF2F-44A2-A8B6-1E952E77BA45}.Release|Any CPU.ActiveCfg = Release|Any CPU
		{8A81A31D-AF2F-44A2-A8B6-1E952E77BA45}.Release|Any CPU.Build.0 = Release|Any CPU
		{97FD4C2E-7B64-4555-9DDA-264F56B45737}.Debug|Any CPU.ActiveCfg = Debug|Any CPU
		{97FD4C2E-7B64-4555-9DDA-264F56B45737}.Debug|Any CPU.Build.0 = Debug|Any CPU
		{97FD4C2E-7B64-4555-9DDA-264F56B45737}.Release|Any CPU.ActiveCfg = Release|Any CPU
		{97FD4C2E-7B64-4555-9DDA-264F56B45737}.Release|Any CPU.Build.0 = Release|Any CPU
		{65EDA0B4-6BC1-4E6B-9233-B89EC3A295E0}.Debug|Any CPU.ActiveCfg = Debug|Any CPU
		{65EDA0B4-6BC1-4E6B-9233-B89EC3A295E0}.Debug|Any CPU.Build.0 = Debug|Any CPU
		{65EDA0B4-6BC1-4E6B-9233-B89EC3A295E0}.Release|Any CPU.ActiveCfg = Release|Any CPU
		{65EDA0B4-6BC1-4E6B-9233-B89EC3A295E0}.Release|Any CPU.Build.0 = Release|Any CPU
		{83946140-C132-412C-BA7D-2900874E513D}.Debug|Any CPU.ActiveCfg = Debug|Any CPU
		{83946140-C132-412C-BA7D-2900874E513D}.Debug|Any CPU.Build.0 = Debug|Any CPU
		{83946140-C132-412C-BA7D-2900874E513D}.Release|Any CPU.ActiveCfg = Release|Any CPU
		{83946140-C132-412C-BA7D-2900874E513D}.Release|Any CPU.Build.0 = Release|Any CPU
		{CB585446-4F3F-456B-A803-39428A51E13D}.Debug|Any CPU.ActiveCfg = Debug|Any CPU
		{CB585446-4F3F-456B-A803-39428A51E13D}.Debug|Any CPU.Build.0 = Debug|Any CPU
		{CB585446-4F3F-456B-A803-39428A51E13D}.Release|Any CPU.ActiveCfg = Release|Any CPU
		{CB585446-4F3F-456B-A803-39428A51E13D}.Release|Any CPU.Build.0 = Release|Any CPU
		{450AB910-032E-44BB-A8F4-1B5314AEE99A}.Debug|Any CPU.ActiveCfg = Debug|Any CPU
		{450AB910-032E-44BB-A8F4-1B5314AEE99A}.Debug|Any CPU.Build.0 = Debug|Any CPU
		{450AB910-032E-44BB-A8F4-1B5314AEE99A}.Release|Any CPU.ActiveCfg = Release|Any CPU
		{450AB910-032E-44BB-A8F4-1B5314AEE99A}.Release|Any CPU.Build.0 = Release|Any CPU
		{ACA32E29-9857-4215-B7F5-20A4BE03EA6F}.Debug|Any CPU.ActiveCfg = Debug|Any CPU
		{ACA32E29-9857-4215-B7F5-20A4BE03EA6F}.Debug|Any CPU.Build.0 = Debug|Any CPU
		{ACA32E29-9857-4215-B7F5-20A4BE03EA6F}.Release|Any CPU.ActiveCfg = Release|Any CPU
		{ACA32E29-9857-4215-B7F5-20A4BE03EA6F}.Release|Any CPU.Build.0 = Release|Any CPU
	EndGlobalSection
	GlobalSection(SolutionProperties) = preSolution
		HideSolutionNode = FALSE
	EndGlobalSection
	GlobalSection(NestedProjects) = preSolution
		{36089113-6E50-4CBA-85E5-05A8ABBBE866} = {1CC3E21E-23B6-4F6A-9115-093BC2E97B66}
		{57CB934E-0B3A-416D-9E49-586EFC973FC5} = {99D71EEF-C03B-4730-AEE8-51659BE91411}
		{55C88181-B6D4-47C0-9763-135222DD25E9} = {D3BA8DF3-3F29-4E78-BAE5-A7A86E52BBE5}
		{673AECDE-6296-44F0-9BC1-96B6C8EDBD19} = {6A8D7665-F075-4231-8E9B-6E5B7FE1EF2F}
		{5616F8E7-FAED-4C71-9FDA-2C22A094ABC5} = {3F840B6A-9215-4D61-A293-9275CEB76D9A}
		{8E216B45-95A7-4716-9EA3-4DF962F05209} = {EC049972-D736-4145-A4A3-A5792254A504}
		{514B0238-B07F-4274-AE8E-F3CD83AA68E1} = {E9B2B1D0-0FC8-4101-A2C9-EF59D36743F9}
		{2C6EAF48-4A98-42CD-A2AF-FFAAD4648992} = {32C2F189-2B9A-4AA6-AD16-4E3F1FD3E911}
		{4A210623-621B-49CE-8E34-1EC03A9EDDAB} = {F673E732-67A3-4173-9089-72BB15C7B9C2}
		{8A81A31D-AF2F-44A2-A8B6-1E952E77BA45} = {60225120-62D1-45E6-AF58-E4E3ABEA4E2B}
		{97FD4C2E-7B64-4555-9DDA-264F56B45737} = {3C183F2E-3AA2-42BF-97BB-24A28339CE17}
		{65EDA0B4-6BC1-4E6B-9233-B89EC3A295E0} = {30739F4F-BC6D-42FB-A137-158B1F791BB2}
		{83946140-C132-412C-BA7D-2900874E513D} = {AAEF4224-0C40-4BE6-BF5E-AF4BF8039BE3}
		{CB585446-4F3F-456B-A803-39428A51E13D} = {F9185BDD-F08F-428C-9C61-CF74CF3AA634}
		{450AB910-032E-44BB-A8F4-1B5314AEE99A} = {E83BDA34-AE23-4F18-9B74-C461D0B57DC3}
		{ACA32E29-9857-4215-B7F5-20A4BE03EA6F} = {A46D67FF-EF63-40DB-9DE3-347A5FC3AD71}
	EndGlobalSection
	GlobalSection(ExtensibilityGlobals) = postSolution
		SolutionGuid = {0DD02A60-3BC7-445F-B97C-825967C84C85}
	EndGlobalSection
EndGlobal
